// !$*UTF8*$!
{
	archiveVersion = 1;
	classes = {
	};
	objectVersion = 50;
	objects = {

/* Begin PBXBuildFile section */
		C440A0E4241EF3A4004899F5 /* AppDelegate.swift in Sources */ = {isa = PBXBuildFile; fileRef = C440A0E3241EF3A4004899F5 /* AppDelegate.swift */; };
		C440A0E6241EF3A4004899F5 /* SceneDelegate.swift in Sources */ = {isa = PBXBuildFile; fileRef = C440A0E5241EF3A4004899F5 /* SceneDelegate.swift */; };
		C440A0EB241EF3A4004899F5 /* Main.storyboard in Resources */ = {isa = PBXBuildFile; fileRef = C440A0E9241EF3A4004899F5 /* Main.storyboard */; };
		C440A0ED241EF3A6004899F5 /* Assets.xcassets in Resources */ = {isa = PBXBuildFile; fileRef = C440A0EC241EF3A6004899F5 /* Assets.xcassets */; };
		C440A0F0241EF3A6004899F5 /* LaunchScreen.storyboard in Resources */ = {isa = PBXBuildFile; fileRef = C440A0EE241EF3A6004899F5 /* LaunchScreen.storyboard */; };
		C440A0FB241EF3A6004899F5 /* PasswordduinoTests.swift in Sources */ = {isa = PBXBuildFile; fileRef = C440A0FA241EF3A6004899F5 /* PasswordduinoTests.swift */; };
		C440A106241FBD4D004899F5 /* EntryTableViewCell.swift in Sources */ = {isa = PBXBuildFile; fileRef = C440A105241FBD4D004899F5 /* EntryTableViewCell.swift */; };
		C440A108241FBDE6004899F5 /* EntryTableViewController.swift in Sources */ = {isa = PBXBuildFile; fileRef = C440A107241FBDE6004899F5 /* EntryTableViewController.swift */; };
		C440A10A241FD3D7004899F5 /* Entry.swift in Sources */ = {isa = PBXBuildFile; fileRef = C440A109241FD3D7004899F5 /* Entry.swift */; };
		C440A10C241FEA66004899F5 /* PasswordOrDuckyViewController.swift in Sources */ = {isa = PBXBuildFile; fileRef = C440A10B241FEA66004899F5 /* PasswordOrDuckyViewController.swift */; };
		C440A10E241FEBB9004899F5 /* PasswordViewController.swift in Sources */ = {isa = PBXBuildFile; fileRef = C440A10D241FEBB9004899F5 /* PasswordViewController.swift */; };
		C440A110241FECEE004899F5 /* DuckyViewController.swift in Sources */ = {isa = PBXBuildFile; fileRef = C440A10F241FECEE004899F5 /* DuckyViewController.swift */; };
		C45583302422EC8400A0416A /* PasswordEntryPopup.swift in Sources */ = {isa = PBXBuildFile; fileRef = C455832F2422EC8400A0416A /* PasswordEntryPopup.swift */; };
		C47BD76F24228A470012046A /* SettingsTableViewController.swift in Sources */ = {isa = PBXBuildFile; fileRef = C47BD76E24228A470012046A /* SettingsTableViewController.swift */; };
		C4DF5FB724213E0E00CA665B /* Authentication.swift in Sources */ = {isa = PBXBuildFile; fileRef = C4DF5FB624213E0E00CA665B /* Authentication.swift */; };
/* End PBXBuildFile section */

/* Begin PBXContainerItemProxy section */
		C440A0F7241EF3A6004899F5 /* PBXContainerItemProxy */ = {
			isa = PBXContainerItemProxy;
			containerPortal = C440A0D8241EF3A4004899F5 /* Project object */;
			proxyType = 1;
			remoteGlobalIDString = C440A0DF241EF3A4004899F5;
			remoteInfo = Passwordduino;
		};
/* End PBXContainerItemProxy section */

/* Begin PBXFileReference section */
		C440A0E0241EF3A4004899F5 /* Passwordduino.app */ = {isa = PBXFileReference; explicitFileType = wrapper.application; includeInIndex = 0; path = Passwordduino.app; sourceTree = BUILT_PRODUCTS_DIR; };
		C440A0E3241EF3A4004899F5 /* AppDelegate.swift */ = {isa = PBXFileReference; lastKnownFileType = sourcecode.swift; path = AppDelegate.swift; sourceTree = "<group>"; };
		C440A0E5241EF3A4004899F5 /* SceneDelegate.swift */ = {isa = PBXFileReference; lastKnownFileType = sourcecode.swift; path = SceneDelegate.swift; sourceTree = "<group>"; };
		C440A0EA241EF3A4004899F5 /* Base */ = {isa = PBXFileReference; lastKnownFileType = file.storyboard; name = Base; path = Base.lproj/Main.storyboard; sourceTree = "<group>"; };
		C440A0EC241EF3A6004899F5 /* Assets.xcassets */ = {isa = PBXFileReference; lastKnownFileType = folder.assetcatalog; path = Assets.xcassets; sourceTree = "<group>"; };
		C440A0EF241EF3A6004899F5 /* Base */ = {isa = PBXFileReference; lastKnownFileType = file.storyboard; name = Base; path = Base.lproj/LaunchScreen.storyboard; sourceTree = "<group>"; };
		C440A0F1241EF3A6004899F5 /* Info.plist */ = {isa = PBXFileReference; lastKnownFileType = text.plist.xml; path = Info.plist; sourceTree = "<group>"; };
		C440A0F6241EF3A6004899F5 /* PasswordduinoTests.xctest */ = {isa = PBXFileReference; explicitFileType = wrapper.cfbundle; includeInIndex = 0; path = PasswordduinoTests.xctest; sourceTree = BUILT_PRODUCTS_DIR; };
		C440A0FA241EF3A6004899F5 /* PasswordduinoTests.swift */ = {isa = PBXFileReference; lastKnownFileType = sourcecode.swift; path = PasswordduinoTests.swift; sourceTree = "<group>"; };
		C440A0FC241EF3A6004899F5 /* Info.plist */ = {isa = PBXFileReference; lastKnownFileType = text.plist.xml; path = Info.plist; sourceTree = "<group>"; };
		C440A105241FBD4D004899F5 /* EntryTableViewCell.swift */ = {isa = PBXFileReference; lastKnownFileType = sourcecode.swift; path = EntryTableViewCell.swift; sourceTree = "<group>"; };
		C440A107241FBDE6004899F5 /* EntryTableViewController.swift */ = {isa = PBXFileReference; lastKnownFileType = sourcecode.swift; path = EntryTableViewController.swift; sourceTree = "<group>"; };
		C440A109241FD3D7004899F5 /* Entry.swift */ = {isa = PBXFileReference; lastKnownFileType = sourcecode.swift; path = Entry.swift; sourceTree = "<group>"; };
		C440A10B241FEA66004899F5 /* PasswordOrDuckyViewController.swift */ = {isa = PBXFileReference; lastKnownFileType = sourcecode.swift; path = PasswordOrDuckyViewController.swift; sourceTree = "<group>"; };
		C440A10D241FEBB9004899F5 /* PasswordViewController.swift */ = {isa = PBXFileReference; lastKnownFileType = sourcecode.swift; path = PasswordViewController.swift; sourceTree = "<group>"; };
		C440A10F241FECEE004899F5 /* DuckyViewController.swift */ = {isa = PBXFileReference; lastKnownFileType = sourcecode.swift; path = DuckyViewController.swift; sourceTree = "<group>"; };
		C455832F2422EC8400A0416A /* PasswordEntryPopup.swift */ = {isa = PBXFileReference; lastKnownFileType = sourcecode.swift; path = PasswordEntryPopup.swift; sourceTree = "<group>"; };
		C47BD76E24228A470012046A /* SettingsTableViewController.swift */ = {isa = PBXFileReference; lastKnownFileType = sourcecode.swift; path = SettingsTableViewController.swift; sourceTree = "<group>"; };
		C4DF5FB624213E0E00CA665B /* Authentication.swift */ = {isa = PBXFileReference; lastKnownFileType = sourcecode.swift; path = Authentication.swift; sourceTree = "<group>"; };
/* End PBXFileReference section */

/* Begin PBXFrameworksBuildPhase section */
		C440A0DD241EF3A4004899F5 /* Frameworks */ = {
			isa = PBXFrameworksBuildPhase;
			buildActionMask = 2147483647;
			files = (
			);
			runOnlyForDeploymentPostprocessing = 0;
		};
		C440A0F3241EF3A6004899F5 /* Frameworks */ = {
			isa = PBXFrameworksBuildPhase;
			buildActionMask = 2147483647;
			files = (
			);
			runOnlyForDeploymentPostprocessing = 0;
		};
/* End PBXFrameworksBuildPhase section */

/* Begin PBXGroup section */
		C440A0D7241EF3A4004899F5 = {
			isa = PBXGroup;
			children = (
				C440A0E2241EF3A4004899F5 /* Passwordduino */,
				C440A0F9241EF3A6004899F5 /* PasswordduinoTests */,
				C440A0E1241EF3A4004899F5 /* Products */,
			);
			sourceTree = "<group>";
		};
		C440A0E1241EF3A4004899F5 /* Products */ = {
			isa = PBXGroup;
			children = (
				C440A0E0241EF3A4004899F5 /* Passwordduino.app */,
				C440A0F6241EF3A6004899F5 /* PasswordduinoTests.xctest */,
			);
			name = Products;
			sourceTree = "<group>";
		};
		C440A0E2241EF3A4004899F5 /* Passwordduino */ = {
			isa = PBXGroup;
			children = (
				C47BD76E24228A470012046A /* SettingsTableViewController.swift */,
				C4DF5FB624213E0E00CA665B /* Authentication.swift */,
				C440A0E3241EF3A4004899F5 /* AppDelegate.swift */,
				C440A0E5241EF3A4004899F5 /* SceneDelegate.swift */,
				C440A107241FBDE6004899F5 /* EntryTableViewController.swift */,
				C440A105241FBD4D004899F5 /* EntryTableViewCell.swift */,
				C440A10B241FEA66004899F5 /* PasswordOrDuckyViewController.swift */,
				C440A109241FD3D7004899F5 /* Entry.swift */,
				C440A10D241FEBB9004899F5 /* PasswordViewController.swift */,
				C440A10F241FECEE004899F5 /* DuckyViewController.swift */,
				C440A0E9241EF3A4004899F5 /* Main.storyboard */,
				C440A0EC241EF3A6004899F5 /* Assets.xcassets */,
				C440A0EE241EF3A6004899F5 /* LaunchScreen.storyboard */,
				C440A0F1241EF3A6004899F5 /* Info.plist */,
				C455832F2422EC8400A0416A /* PasswordEntryPopup.swift */,
			);
			path = Passwordduino;
			sourceTree = "<group>";
		};
		C440A0F9241EF3A6004899F5 /* PasswordduinoTests */ = {
			isa = PBXGroup;
			children = (
				C440A0FA241EF3A6004899F5 /* PasswordduinoTests.swift */,
				C440A0FC241EF3A6004899F5 /* Info.plist */,
			);
			path = PasswordduinoTests;
			sourceTree = "<group>";
		};
/* End PBXGroup section */

/* Begin PBXNativeTarget section */
		C440A0DF241EF3A4004899F5 /* Passwordduino */ = {
			isa = PBXNativeTarget;
			buildConfigurationList = C440A0FF241EF3A6004899F5 /* Build configuration list for PBXNativeTarget "Passwordduino" */;
			buildPhases = (
				C440A0DC241EF3A4004899F5 /* Sources */,
				C440A0DD241EF3A4004899F5 /* Frameworks */,
				C440A0DE241EF3A4004899F5 /* Resources */,
			);
			buildRules = (
			);
			dependencies = (
			);
			name = Passwordduino;
			productName = Passwordduino;
			productReference = C440A0E0241EF3A4004899F5 /* Passwordduino.app */;
			productType = "com.apple.product-type.application";
		};
		C440A0F5241EF3A6004899F5 /* PasswordduinoTests */ = {
			isa = PBXNativeTarget;
			buildConfigurationList = C440A102241EF3A6004899F5 /* Build configuration list for PBXNativeTarget "PasswordduinoTests" */;
			buildPhases = (
				C440A0F2241EF3A6004899F5 /* Sources */,
				C440A0F3241EF3A6004899F5 /* Frameworks */,
				C440A0F4241EF3A6004899F5 /* Resources */,
			);
			buildRules = (
			);
			dependencies = (
				C440A0F8241EF3A6004899F5 /* PBXTargetDependency */,
			);
			name = PasswordduinoTests;
			productName = PasswordduinoTests;
			productReference = C440A0F6241EF3A6004899F5 /* PasswordduinoTests.xctest */;
			productType = "com.apple.product-type.bundle.unit-test";
		};
/* End PBXNativeTarget section */

/* Begin PBXProject section */
		C440A0D8241EF3A4004899F5 /* Project object */ = {
			isa = PBXProject;
			attributes = {
				LastSwiftUpdateCheck = 1130;
				LastUpgradeCheck = 1130;
				ORGANIZATIONNAME = "Larry's Tech";
				TargetAttributes = {
					C440A0DF241EF3A4004899F5 = {
						CreatedOnToolsVersion = 11.3.1;
					};
					C440A0F5241EF3A6004899F5 = {
						CreatedOnToolsVersion = 11.3.1;
						TestTargetID = C440A0DF241EF3A4004899F5;
					};
				};
			};
			buildConfigurationList = C440A0DB241EF3A4004899F5 /* Build configuration list for PBXProject "Passwordduino" */;
			compatibilityVersion = "Xcode 9.3";
			developmentRegion = en;
			hasScannedForEncodings = 0;
			knownRegions = (
				en,
				Base,
			);
			mainGroup = C440A0D7241EF3A4004899F5;
			productRefGroup = C440A0E1241EF3A4004899F5 /* Products */;
			projectDirPath = "";
			projectRoot = "";
			targets = (
				C440A0DF241EF3A4004899F5 /* Passwordduino */,
				C440A0F5241EF3A6004899F5 /* PasswordduinoTests */,
			);
		};
/* End PBXProject section */

/* Begin PBXResourcesBuildPhase section */
		C440A0DE241EF3A4004899F5 /* Resources */ = {
			isa = PBXResourcesBuildPhase;
			buildActionMask = 2147483647;
			files = (
				C440A0F0241EF3A6004899F5 /* LaunchScreen.storyboard in Resources */,
				C440A0ED241EF3A6004899F5 /* Assets.xcassets in Resources */,
				C440A0EB241EF3A4004899F5 /* Main.storyboard in Resources */,
			);
			runOnlyForDeploymentPostprocessing = 0;
		};
		C440A0F4241EF3A6004899F5 /* Resources */ = {
			isa = PBXResourcesBuildPhase;
			buildActionMask = 2147483647;
			files = (
			);
			runOnlyForDeploymentPostprocessing = 0;
		};
/* End PBXResourcesBuildPhase section */

/* Begin PBXSourcesBuildPhase section */
		C440A0DC241EF3A4004899F5 /* Sources */ = {
			isa = PBXSourcesBuildPhase;
			buildActionMask = 2147483647;
			files = (
				C440A10A241FD3D7004899F5 /* Entry.swift in Sources */,
				C440A106241FBD4D004899F5 /* EntryTableViewCell.swift in Sources */,
				C440A0E4241EF3A4004899F5 /* AppDelegate.swift in Sources */,
				C440A110241FECEE004899F5 /* DuckyViewController.swift in Sources */,
				C440A10E241FEBB9004899F5 /* PasswordViewController.swift in Sources */,
				C440A10C241FEA66004899F5 /* PasswordOrDuckyViewController.swift in Sources */,
				C47BD76F24228A470012046A /* SettingsTableViewController.swift in Sources */,
				C440A108241FBDE6004899F5 /* EntryTableViewController.swift in Sources */,
				C45583302422EC8400A0416A /* PasswordEntryPopup.swift in Sources */,
				C440A0E6241EF3A4004899F5 /* SceneDelegate.swift in Sources */,
				C4DF5FB724213E0E00CA665B /* Authentication.swift in Sources */,
			);
			runOnlyForDeploymentPostprocessing = 0;
		};
		C440A0F2241EF3A6004899F5 /* Sources */ = {
			isa = PBXSourcesBuildPhase;
			buildActionMask = 2147483647;
			files = (
				C440A0FB241EF3A6004899F5 /* PasswordduinoTests.swift in Sources */,
			);
			runOnlyForDeploymentPostprocessing = 0;
		};
/* End PBXSourcesBuildPhase section */

/* Begin PBXTargetDependency section */
		C440A0F8241EF3A6004899F5 /* PBXTargetDependency */ = {
			isa = PBXTargetDependency;
			target = C440A0DF241EF3A4004899F5 /* Passwordduino */;
			targetProxy = C440A0F7241EF3A6004899F5 /* PBXContainerItemProxy */;
		};
/* End PBXTargetDependency section */

/* Begin PBXVariantGroup section */
		C440A0E9241EF3A4004899F5 /* Main.storyboard */ = {
			isa = PBXVariantGroup;
			children = (
				C440A0EA241EF3A4004899F5 /* Base */,
			);
			name = Main.storyboard;
			sourceTree = "<group>";
		};
		C440A0EE241EF3A6004899F5 /* LaunchScreen.storyboard */ = {
			isa = PBXVariantGroup;
			children = (
				C440A0EF241EF3A6004899F5 /* Base */,
			);
			name = LaunchScreen.storyboard;
			sourceTree = "<group>";
		};
/* End PBXVariantGroup section */

/* Begin XCBuildConfiguration section */
		C440A0FD241EF3A6004899F5 /* Debug */ = {
			isa = XCBuildConfiguration;
			buildSettings = {
				ALWAYS_SEARCH_USER_PATHS = NO;
				CLANG_ANALYZER_NONNULL = YES;
				CLANG_ANALYZER_NUMBER_OBJECT_CONVERSION = YES_AGGRESSIVE;
				CLANG_CXX_LANGUAGE_STANDARD = "gnu++14";
				CLANG_CXX_LIBRARY = "libc++";
				CLANG_ENABLE_MODULES = YES;
				CLANG_ENABLE_OBJC_ARC = YES;
				CLANG_ENABLE_OBJC_WEAK = YES;
				CLANG_WARN_BLOCK_CAPTURE_AUTORELEASING = YES;
				CLANG_WARN_BOOL_CONVERSION = YES;
				CLANG_WARN_COMMA = YES;
				CLANG_WARN_CONSTANT_CONVERSION = YES;
				CLANG_WARN_DEPRECATED_OBJC_IMPLEMENTATIONS = YES;
				CLANG_WARN_DIRECT_OBJC_ISA_USAGE = YES_ERROR;
				CLANG_WARN_DOCUMENTATION_COMMENTS = YES;
				CLANG_WARN_EMPTY_BODY = YES;
				CLANG_WARN_ENUM_CONVERSION = YES;
				CLANG_WARN_INFINITE_RECURSION = YES;
				CLANG_WARN_INT_CONVERSION = YES;
				CLANG_WARN_NON_LITERAL_NULL_CONVERSION = YES;
				CLANG_WARN_OBJC_IMPLICIT_RETAIN_SELF = YES;
				CLANG_WARN_OBJC_LITERAL_CONVERSION = YES;
				CLANG_WARN_OBJC_ROOT_CLASS = YES_ERROR;
				CLANG_WARN_RANGE_LOOP_ANALYSIS = YES;
				CLANG_WARN_STRICT_PROTOTYPES = YES;
				CLANG_WARN_SUSPICIOUS_MOVE = YES;
				CLANG_WARN_UNGUARDED_AVAILABILITY = YES_AGGRESSIVE;
				CLANG_WARN_UNREACHABLE_CODE = YES;
				CLANG_WARN__DUPLICATE_METHOD_MATCH = YES;
				COPY_PHASE_STRIP = NO;
				DEBUG_INFORMATION_FORMAT = dwarf;
				ENABLE_STRICT_OBJC_MSGSEND = YES;
				ENABLE_TESTABILITY = YES;
				GCC_C_LANGUAGE_STANDARD = gnu11;
				GCC_DYNAMIC_NO_PIC = NO;
				GCC_NO_COMMON_BLOCKS = YES;
				GCC_OPTIMIZATION_LEVEL = 0;
				GCC_PREPROCESSOR_DEFINITIONS = (
					"DEBUG=1",
					"$(inherited)",
				);
				GCC_WARN_64_TO_32_BIT_CONVERSION = YES;
				GCC_WARN_ABOUT_RETURN_TYPE = YES_ERROR;
				GCC_WARN_UNDECLARED_SELECTOR = YES;
				GCC_WARN_UNINITIALIZED_AUTOS = YES_AGGRESSIVE;
				GCC_WARN_UNUSED_FUNCTION = YES;
				GCC_WARN_UNUSED_VARIABLE = YES;
				IPHONEOS_DEPLOYMENT_TARGET = 13.2;
				MTL_ENABLE_DEBUG_INFO = INCLUDE_SOURCE;
				MTL_FAST_MATH = YES;
				ONLY_ACTIVE_ARCH = YES;
				SDKROOT = iphoneos;
				SWIFT_ACTIVE_COMPILATION_CONDITIONS = DEBUG;
				SWIFT_OPTIMIZATION_LEVEL = "-Onone";
			};
			name = Debug;
		};
		C440A0FE241EF3A6004899F5 /* Release */ = {
			isa = XCBuildConfiguration;
			buildSettings = {
				ALWAYS_SEARCH_USER_PATHS = NO;
				CLANG_ANALYZER_NONNULL = YES;
				CLANG_ANALYZER_NUMBER_OBJECT_CONVERSION = YES_AGGRESSIVE;
				CLANG_CXX_LANGUAGE_STANDARD = "gnu++14";
				CLANG_CXX_LIBRARY = "libc++";
				CLANG_ENABLE_MODULES = YES;
				CLANG_ENABLE_OBJC_ARC = YES;
				CLANG_ENABLE_OBJC_WEAK = YES;
				CLANG_WARN_BLOCK_CAPTURE_AUTORELEASING = YES;
				CLANG_WARN_BOOL_CONVERSION = YES;
				CLANG_WARN_COMMA = YES;
				CLANG_WARN_CONSTANT_CONVERSION = YES;
				CLANG_WARN_DEPRECATED_OBJC_IMPLEMENTATIONS = YES;
				CLANG_WARN_DIRECT_OBJC_ISA_USAGE = YES_ERROR;
				CLANG_WARN_DOCUMENTATION_COMMENTS = YES;
				CLANG_WARN_EMPTY_BODY = YES;
				CLANG_WARN_ENUM_CONVERSION = YES;
				CLANG_WARN_INFINITE_RECURSION = YES;
				CLANG_WARN_INT_CONVERSION = YES;
				CLANG_WARN_NON_LITERAL_NULL_CONVERSION = YES;
				CLANG_WARN_OBJC_IMPLICIT_RETAIN_SELF = YES;
				CLANG_WARN_OBJC_LITERAL_CONVERSION = YES;
				CLANG_WARN_OBJC_ROOT_CLASS = YES_ERROR;
				CLANG_WARN_RANGE_LOOP_ANALYSIS = YES;
				CLANG_WARN_STRICT_PROTOTYPES = YES;
				CLANG_WARN_SUSPICIOUS_MOVE = YES;
				CLANG_WARN_UNGUARDED_AVAILABILITY = YES_AGGRESSIVE;
				CLANG_WARN_UNREACHABLE_CODE = YES;
				CLANG_WARN__DUPLICATE_METHOD_MATCH = YES;
				COPY_PHASE_STRIP = NO;
				DEBUG_INFORMATION_FORMAT = "dwarf-with-dsym";
				ENABLE_NS_ASSERTIONS = NO;
				ENABLE_STRICT_OBJC_MSGSEND = YES;
				GCC_C_LANGUAGE_STANDARD = gnu11;
				GCC_NO_COMMON_BLOCKS = YES;
				GCC_WARN_64_TO_32_BIT_CONVERSION = YES;
				GCC_WARN_ABOUT_RETURN_TYPE = YES_ERROR;
				GCC_WARN_UNDECLARED_SELECTOR = YES;
				GCC_WARN_UNINITIALIZED_AUTOS = YES_AGGRESSIVE;
				GCC_WARN_UNUSED_FUNCTION = YES;
				GCC_WARN_UNUSED_VARIABLE = YES;
				IPHONEOS_DEPLOYMENT_TARGET = 13.2;
				MTL_ENABLE_DEBUG_INFO = NO;
				MTL_FAST_MATH = YES;
				SDKROOT = iphoneos;
				SWIFT_COMPILATION_MODE = wholemodule;
				SWIFT_OPTIMIZATION_LEVEL = "-O";
				VALIDATE_PRODUCT = YES;
			};
			name = Release;
		};
		C440A100241EF3A6004899F5 /* Debug */ = {
			isa = XCBuildConfiguration;
			buildSettings = {
				ASSETCATALOG_COMPILER_APPICON_NAME = AppIcon;
				CODE_SIGN_STYLE = Automatic;
				DEVELOPMENT_TEAM = AW2L53C7A9;
				INFOPLIST_FILE = Passwordduino/Info.plist;
				LD_RUNPATH_SEARCH_PATHS = (
					"$(inherited)",
					"@executable_path/Frameworks",
				);
				PRODUCT_BUNDLE_IDENTIFIER = tech.larrys.Passwordduino;
				PRODUCT_NAME = "$(TARGET_NAME)";
				SWIFT_VERSION = 5.0;
				TARGETED_DEVICE_FAMILY = "1,2";
			};
			name = Debug;
		};
		C440A101241EF3A6004899F5 /* Release */ = {
			isa = XCBuildConfiguration;
			buildSettings = {
				ASSETCATALOG_COMPILER_APPICON_NAME = AppIcon;
				CODE_SIGN_STYLE = Automatic;
				DEVELOPMENT_TEAM = AW2L53C7A9;
				INFOPLIST_FILE = Passwordduino/Info.plist;
				LD_RUNPATH_SEARCH_PATHS = (
					"$(inherited)",
					"@executable_path/Frameworks",
				);
				PRODUCT_BUNDLE_IDENTIFIER = tech.larrys.Passwordduino;
				PRODUCT_NAME = "$(TARGET_NAME)";
				SWIFT_VERSION = 5.0;
				TARGETED_DEVICE_FAMILY = "1,2";
			};
			name = Release;
		};
		C440A103241EF3A6004899F5 /* Debug */ = {
			isa = XCBuildConfiguration;
			buildSettings = {
				ALWAYS_EMBED_SWIFT_STANDARD_LIBRARIES = YES;
				BUNDLE_LOADER = "$(TEST_HOST)";
				CODE_SIGN_STYLE = Automatic;
				DEVELOPMENT_TEAM = AW2L53C7A9;
				INFOPLIST_FILE = PasswordduinoTests/Info.plist;
				IPHONEOS_DEPLOYMENT_TARGET = 13.2;
				LD_RUNPATH_SEARCH_PATHS = (
					"$(inherited)",
					"@executable_path/Frameworks",
					"@loader_path/Frameworks",
				);
				PRODUCT_BUNDLE_IDENTIFIER = tech.larrys.PasswordduinoTests;
				PRODUCT_NAME = "$(TARGET_NAME)";
				SWIFT_VERSION = 5.0;
				TARGETED_DEVICE_FAMILY = "1,2";
				TEST_HOST = "$(BUILT_PRODUCTS_DIR)/Passwordduino.app/Passwordduino";
			};
			name = Debug;
		};
		C440A104241EF3A6004899F5 /* Release */ = {
			isa = XCBuildConfiguration;
			buildSettings = {
				ALWAYS_EMBED_SWIFT_STANDARD_LIBRARIES = YES;
				BUNDLE_LOADER = "$(TEST_HOST)";
				CODE_SIGN_STYLE = Automatic;
				DEVELOPMENT_TEAM = AW2L53C7A9;
				INFOPLIST_FILE = PasswordduinoTests/Info.plist;
				IPHONEOS_DEPLOYMENT_TARGET = 13.2;
				LD_RUNPATH_SEARCH_PATHS = (
					"$(inherited)",
					"@executable_path/Frameworks",
					"@loader_path/Frameworks",
				);
				PRODUCT_BUNDLE_IDENTIFIER = tech.larrys.PasswordduinoTests;
				PRODUCT_NAME = "$(TARGET_NAME)";
				SWIFT_VERSION = 5.0;
				TARGETED_DEVICE_FAMILY = "1,2";
				TEST_HOST = "$(BUILT_PRODUCTS_DIR)/Passwordduino.app/Passwordduino";
			};
			name = Release;
		};
/* End XCBuildConfiguration section */

/* Begin XCConfigurationList section */
		C440A0DB241EF3A4004899F5 /* Build configuration list for PBXProject "Passwordduino" */ = {
			isa = XCConfigurationList;
			buildConfigurations = (
				C440A0FD241EF3A6004899F5 /* Debug */,
				C440A0FE241EF3A6004899F5 /* Release */,
			);
			defaultConfigurationIsVisible = 0;
			defaultConfigurationName = Release;
		};
		C440A0FF241EF3A6004899F5 /* Build configuration list for PBXNativeTarget "Passwordduino" */ = {
			isa = XCConfigurationList;
			buildConfigurations = (
				C440A100241EF3A6004899F5 /* Debug */,
				C440A101241EF3A6004899F5 /* Release */,
			);
			defaultConfigurationIsVisible = 0;
			defaultConfigurationName = Release;
		};
		C440A102241EF3A6004899F5 /* Build configuration list for PBXNativeTarget "PasswordduinoTests" */ = {
			isa = XCConfigurationList;
			buildConfigurations = (
				C440A103241EF3A6004899F5 /* Debug */,
				C440A104241EF3A6004899F5 /* Release */,
			);
			defaultConfigurationIsVisible = 0;
			defaultConfigurationName = Release;
		};
/* End XCConfigurationList section */
	};
	rootObject = C440A0D8241EF3A4004899F5 /* Project object */;
}
